
Microsoft Visual Studio Solution File, Format Version 12.00
# Visual Studio Version 17
VisualStudioVersion = 17.4.33213.308
MinimumVisualStudioVersion = 10.0.40219.1
Project("{2150E333-8FDC-42A3-9474-1A3956D46DE8}") = "src", "src", "{C280E96E-A90C-4F5A-A512-11C0740414B9}"
EndProject
Project("{2150E333-8FDC-42A3-9474-1A3956D46DE8}") = "test", "test", "{35EB1609-2A4D-42DF-AC13-FFE04C890F5C}"
EndProject
Project("{2150E333-8FDC-42A3-9474-1A3956D46DE8}") = "samples", "samples", "{24C63C37-164D-48AE-9ED1-AFF9EE88DF59}"
EndProject
Project("{2150E333-8FDC-42A3-9474-1A3956D46DE8}") = "1.Utilities", "1.Utilities", "{C92E23BC-83AA-446A-87BE-E37E42A73F6A}"
EndProject
Project("{2150E333-8FDC-42A3-9474-1A3956D46DE8}") = "2.Core", "2.Core", "{CC179572-3A16-44ED-A2B8-D930A7117745}"
EndProject
Project("{2150E333-8FDC-42A3-9474-1A3956D46DE8}") = "3.Infra", "3.Infra", "{26A8CE3C-61FF-4B9D-8641-6E3A18C106F1}"
EndProject
Project("{2150E333-8FDC-42A3-9474-1A3956D46DE8}") = "4.EndPoints", "4.EndPoints", "{DBF0ABC3-32D1-4D2C-ADA6-66BA13B47311}"
EndProject
Project("{2150E333-8FDC-42A3-9474-1A3956D46DE8}") = "1.Core", "1.Core", "{3B3442DE-CFA7-46C8-9E6A-014B5428A941}"
EndProject
Project("{2150E333-8FDC-42A3-9474-1A3956D46DE8}") = "2.Infra", "2.Infra", "{AD91607B-09A6-404C-BE7C-19674F9E1996}"
EndProject
Project("{2150E333-8FDC-42A3-9474-1A3956D46DE8}") = "3.EndPoints", "3.EndPoints", "{3C57945E-9984-4B8D-AA19-BD9A4EF4E6DB}"
EndProject
Project("{FAE04EC0-301F-11D3-BF4B-00C04F79EFBC}") = "Willow.Utilities", "src\1.Utilities\Willow.Utilities\Willow.Utilities.csproj", "{2141A477-04F3-4D58-9E08-EA8AE36BC5DC}"
EndProject
Project("{9A19103F-16F7-4668-BE54-9A1E7A4F7556}") = "Willow.Core.Domain", "src\2.Core\Willow.Core.Domain\Willow.Core.Domain.csproj", "{B7FE21E9-5596-4CD5-A609-70772D25D196}"
EndProject
Project("{FAE04EC0-301F-11D3-BF4B-00C04F79EFBC}") = "Willow.Core.ApplicationService", "src\2.Core\Willow.Core.ApplicationService\Willow.Core.ApplicationService.csproj", "{50B39798-5C92-4427-80E3-3B495227F6A5}"
EndProject
Project("{FAE04EC0-301F-11D3-BF4B-00C04F79EFBC}") = "Willow.Contracts", "src\2.Core\Willow.Contracts\Willow.Contracts.csproj", "{E3AEB2FB-F396-4509-A266-00C4EF640D04}"
EndProject
Project("{2150E333-8FDC-42A3-9474-1A3956D46DE8}") = "Data", "Data", "{C1EDC63B-57C5-4483-8EF4-D2A21D8C5FB4}"
EndProject
Project("{FAE04EC0-301F-11D3-BF4B-00C04F79EFBC}") = "Willow.Infra.Data.Sql.Commands", "src\3.Infra\Data\Willow.Infra.Data.Sql.Commands\Willow.Infra.Data.Sql.Commands.csproj", "{A7273377-2E2A-4E9D-BEBC-5523D9BFCF28}"
EndProject
Project("{FAE04EC0-301F-11D3-BF4B-00C04F79EFBC}") = "Willow.Infra.Data.Sql.Queries", "src\3.Infra\Data\Willow.Infra.Data.Sql.Queries\Willow.Infra.Data.Sql.Queries.csproj", "{4855B9A1-45A1-434E-860E-9C9FD366B8E3}"
EndProject
Project("{FAE04EC0-301F-11D3-BF4B-00C04F79EFBC}") = "Willow.Infra.Data.Sql", "src\3.Infra\Data\Willow.Infra.Data.Sql\Willow.Infra.Data.Sql.csproj", "{347D180E-A5D1-4B05-A6E1-C77F4C4F43DB}"
EndProject
Project("{FAE04EC0-301F-11D3-BF4B-00C04F79EFBC}") = "Willow.EndPoints.WebApi", "src\4.EndPoints\Willow.EndPoints.WebApi\Willow.EndPoints.WebApi.csproj", "{FF2C7B77-5D7C-4DCC-94A3-871C7F318DB5}"
EndProject
Project("{FAE04EC0-301F-11D3-BF4B-00C04F79EFBC}") = "Willow.Samples.Core.Domain", "samples\1.Core\Willow.Samples.Core.Domain\Willow.Samples.Core.Domain.csproj", "{695ECD5A-D7CD-415D-AB23-1125FBFE2281}"
EndProject
Project("{FAE04EC0-301F-11D3-BF4B-00C04F79EFBC}") = "Willow.Samples.Core.Contracts", "samples\1.Core\Willow.Samples.Core.Contracts\Willow.Samples.Core.Contracts.csproj", "{35469056-E758-49B7-A2D4-80E629BB9E8B}"
EndProject
Project("{FAE04EC0-301F-11D3-BF4B-00C04F79EFBC}") = "Willow.Samples.Core.ApplicationService", "samples\1.Core\Willow.Samples.Core.ApplicationService\Willow.Samples.Core.ApplicationService.csproj", "{A389CF12-1FBC-494A-A0DA-B25D07F841E2}"
EndProject
Project("{2150E333-8FDC-42A3-9474-1A3956D46DE8}") = "Data", "Data", "{515C540F-E1F0-4551-A1E3-1BD3E622FF6B}"
EndProject
Project("{FAE04EC0-301F-11D3-BF4B-00C04F79EFBC}") = "Willow.Samples.Infra.Data.SqlCommands", "samples\2.Infra\Data\Willow.Samples.Infra.Data.SqlCommands\Willow.Samples.Infra.Data.SqlCommands.csproj", "{155FE88D-5959-43D8-B9EC-7258E646DD94}"
EndProject
Project("{FAE04EC0-301F-11D3-BF4B-00C04F79EFBC}") = "Willow.Samples.Infra.Data.SqlQueries", "samples\2.Infra\Data\Willow.Samples.Infra.Data.SqlQueries\Willow.Samples.Infra.Data.SqlQueries.csproj", "{5CD41588-1CBE-495D-ADD5-47F2C2FABCAE}"
EndProject
Project("{FAE04EC0-301F-11D3-BF4B-00C04F79EFBC}") = "Willow.Samples.EndPoints.WebApi", "samples\3.EndPoints\Willow.Samples.EndPoints.WebApi\Willow.Samples.EndPoints.WebApi.csproj", "{477C6D66-997D-4283-BE30-5E4DBCC0940A}"
EndProject
Global
	GlobalSection(SolutionConfigurationPlatforms) = preSolution
		Debug|Any CPU = Debug|Any CPU
		Release|Any CPU = Release|Any CPU
	EndGlobalSection
	GlobalSection(ProjectConfigurationPlatforms) = postSolution
		{2141A477-04F3-4D58-9E08-EA8AE36BC5DC}.Debug|Any CPU.ActiveCfg = Debug|Any CPU
		{2141A477-04F3-4D58-9E08-EA8AE36BC5DC}.Debug|Any CPU.Build.0 = Debug|Any CPU
		{2141A477-04F3-4D58-9E08-EA8AE36BC5DC}.Release|Any CPU.ActiveCfg = Release|Any CPU
		{2141A477-04F3-4D58-9E08-EA8AE36BC5DC}.Release|Any CPU.Build.0 = Release|Any CPU
		{B7FE21E9-5596-4CD5-A609-70772D25D196}.Debug|Any CPU.ActiveCfg = Debug|Any CPU
		{B7FE21E9-5596-4CD5-A609-70772D25D196}.Debug|Any CPU.Build.0 = Debug|Any CPU
		{B7FE21E9-5596-4CD5-A609-70772D25D196}.Release|Any CPU.ActiveCfg = Release|Any CPU
		{B7FE21E9-5596-4CD5-A609-70772D25D196}.Release|Any CPU.Build.0 = Release|Any CPU
		{50B39798-5C92-4427-80E3-3B495227F6A5}.Debug|Any CPU.ActiveCfg = Debug|Any CPU
		{50B39798-5C92-4427-80E3-3B495227F6A5}.Debug|Any CPU.Build.0 = Debug|Any CPU
		{50B39798-5C92-4427-80E3-3B495227F6A5}.Release|Any CPU.ActiveCfg = Release|Any CPU
		{50B39798-5C92-4427-80E3-3B495227F6A5}.Release|Any CPU.Build.0 = Release|Any CPU
		{E3AEB2FB-F396-4509-A266-00C4EF640D04}.Debug|Any CPU.ActiveCfg = Debug|Any CPU
		{E3AEB2FB-F396-4509-A266-00C4EF640D04}.Debug|Any CPU.Build.0 = Debug|Any CPU
		{E3AEB2FB-F396-4509-A266-00C4EF640D04}.Release|Any CPU.ActiveCfg = Release|Any CPU
		{E3AEB2FB-F396-4509-A266-00C4EF640D04}.Release|Any CPU.Build.0 = Release|Any CPU
		{A7273377-2E2A-4E9D-BEBC-5523D9BFCF28}.Debug|Any CPU.ActiveCfg = Debug|Any CPU
		{A7273377-2E2A-4E9D-BEBC-5523D9BFCF28}.Debug|Any CPU.Build.0 = Debug|Any CPU
		{A7273377-2E2A-4E9D-BEBC-5523D9BFCF28}.Release|Any CPU.ActiveCfg = Release|Any CPU
		{A7273377-2E2A-4E9D-BEBC-5523D9BFCF28}.Release|Any CPU.Build.0 = Release|Any CPU
		{4855B9A1-45A1-434E-860E-9C9FD366B8E3}.Debug|Any CPU.ActiveCfg = Debug|Any CPU
		{4855B9A1-45A1-434E-860E-9C9FD366B8E3}.Debug|Any CPU.Build.0 = Debug|Any CPU
		{4855B9A1-45A1-434E-860E-9C9FD366B8E3}.Release|Any CPU.ActiveCfg = Release|Any CPU
		{4855B9A1-45A1-434E-860E-9C9FD366B8E3}.Release|Any CPU.Build.0 = Release|Any CPU
		{347D180E-A5D1-4B05-A6E1-C77F4C4F43DB}.Debug|Any CPU.ActiveCfg = Debug|Any CPU
		{347D180E-A5D1-4B05-A6E1-C77F4C4F43DB}.Debug|Any CPU.Build.0 = Debug|Any CPU
		{347D180E-A5D1-4B05-A6E1-C77F4C4F43DB}.Release|Any CPU.ActiveCfg = Release|Any CPU
		{347D180E-A5D1-4B05-A6E1-C77F4C4F43DB}.Release|Any CPU.Build.0 = Release|Any CPU
		{FF2C7B77-5D7C-4DCC-94A3-871C7F318DB5}.Debug|Any CPU.ActiveCfg = Debug|Any CPU
		{FF2C7B77-5D7C-4DCC-94A3-871C7F318DB5}.Debug|Any CPU.Build.0 = Debug|Any CPU
		{FF2C7B77-5D7C-4DCC-94A3-871C7F318DB5}.Release|Any CPU.ActiveCfg = Release|Any CPU
		{FF2C7B77-5D7C-4DCC-94A3-871C7F318DB5}.Release|Any CPU.Build.0 = Release|Any CPU
		{695ECD5A-D7CD-415D-AB23-1125FBFE2281}.Debug|Any CPU.ActiveCfg = Debug|Any CPU
		{695ECD5A-D7CD-415D-AB23-1125FBFE2281}.Debug|Any CPU.Build.0 = Debug|Any CPU
		{695ECD5A-D7CD-415D-AB23-1125FBFE2281}.Release|Any CPU.ActiveCfg = Release|Any CPU
		{695ECD5A-D7CD-415D-AB23-1125FBFE2281}.Release|Any CPU.Build.0 = Release|Any CPU
		{35469056-E758-49B7-A2D4-80E629BB9E8B}.Debug|Any CPU.ActiveCfg = Debug|Any CPU
		{35469056-E758-49B7-A2D4-80E629BB9E8B}.Debug|Any CPU.Build.0 = Debug|Any CPU
		{35469056-E758-49B7-A2D4-80E629BB9E8B}.Release|Any CPU.ActiveCfg = Release|Any CPU
		{35469056-E758-49B7-A2D4-80E629BB9E8B}.Release|Any CPU.Build.0 = Release|Any CPU
		{A389CF12-1FBC-494A-A0DA-B25D07F841E2}.Debug|Any CPU.ActiveCfg = Debug|Any CPU
		{A389CF12-1FBC-494A-A0DA-B25D07F841E2}.Debug|Any CPU.Build.0 = Debug|Any CPU
		{A389CF12-1FBC-494A-A0DA-B25D07F841E2}.Release|Any CPU.ActiveCfg = Release|Any CPU
		{A389CF12-1FBC-494A-A0DA-B25D07F841E2}.Release|Any CPU.Build.0 = Release|Any CPU
		{155FE88D-5959-43D8-B9EC-7258E646DD94}.Debug|Any CPU.ActiveCfg = Debug|Any CPU
		{155FE88D-5959-43D8-B9EC-7258E646DD94}.Debug|Any CPU.Build.0 = Debug|Any CPU
		{155FE88D-5959-43D8-B9EC-7258E646DD94}.Release|Any CPU.ActiveCfg = Release|Any CPU
		{155FE88D-5959-43D8-B9EC-7258E646DD94}.Release|Any CPU.Build.0 = Release|Any CPU
		{5CD41588-1CBE-495D-ADD5-47F2C2FABCAE}.Debug|Any CPU.ActiveCfg = Debug|Any CPU
		{5CD41588-1CBE-495D-ADD5-47F2C2FABCAE}.Debug|Any CPU.Build.0 = Debug|Any CPU
		{5CD41588-1CBE-495D-ADD5-47F2C2FABCAE}.Release|Any CPU.ActiveCfg = Release|Any CPU
		{5CD41588-1CBE-495D-ADD5-47F2C2FABCAE}.Release|Any CPU.Build.0 = Release|Any CPU
		{477C6D66-997D-4283-BE30-5E4DBCC0940A}.Debug|Any CPU.ActiveCfg = Debug|Any CPU
		{477C6D66-997D-4283-BE30-5E4DBCC0940A}.Debug|Any CPU.Build.0 = Debug|Any CPU
		{477C6D66-997D-4283-BE30-5E4DBCC0940A}.Release|Any CPU.ActiveCfg = Release|Any CPU
		{477C6D66-997D-4283-BE30-5E4DBCC0940A}.Release|Any CPU.Build.0 = Release|Any CPU
	EndGlobalSection
	GlobalSection(SolutionProperties) = preSolution
		HideSolutionNode = FALSE
	EndGlobalSection
	GlobalSection(NestedProjects) = preSolution
		{C92E23BC-83AA-446A-87BE-E37E42A73F6A} = {C280E96E-A90C-4F5A-A512-11C0740414B9}
		{CC179572-3A16-44ED-A2B8-D930A7117745} = {C280E96E-A90C-4F5A-A512-11C0740414B9}
		{26A8CE3C-61FF-4B9D-8641-6E3A18C106F1} = {C280E96E-A90C-4F5A-A512-11C0740414B9}
		{DBF0ABC3-32D1-4D2C-ADA6-66BA13B47311} = {C280E96E-A90C-4F5A-A512-11C0740414B9}
		{3B3442DE-CFA7-46C8-9E6A-014B5428A941} = {24C63C37-164D-48AE-9ED1-AFF9EE88DF59}
		{AD91607B-09A6-404C-BE7C-19674F9E1996} = {24C63C37-164D-48AE-9ED1-AFF9EE88DF59}
		{3C57945E-9984-4B8D-AA19-BD9A4EF4E6DB} = {24C63C37-164D-48AE-9ED1-AFF9EE88DF59}
		{2141A477-04F3-4D58-9E08-EA8AE36BC5DC} = {C92E23BC-83AA-446A-87BE-E37E42A73F6A}
		{B7FE21E9-5596-4CD5-A609-70772D25D196} = {CC179572-3A16-44ED-A2B8-D930A7117745}
		{50B39798-5C92-4427-80E3-3B495227F6A5} = {CC179572-3A16-44ED-A2B8-D930A7117745}
		{E3AEB2FB-F396-4509-A266-00C4EF640D04} = {CC179572-3A16-44ED-A2B8-D930A7117745}
		{C1EDC63B-57C5-4483-8EF4-D2A21D8C5FB4} = {26A8CE3C-61FF-4B9D-8641-6E3A18C106F1}
		{A7273377-2E2A-4E9D-BEBC-5523D9BFCF28} = {C1EDC63B-57C5-4483-8EF4-D2A21D8C5FB4}
		{4855B9A1-45A1-434E-860E-9C9FD366B8E3} = {C1EDC63B-57C5-4483-8EF4-D2A21D8C5FB4}
		{347D180E-A5D1-4B05-A6E1-C77F4C4F43DB} = {C1EDC63B-57C5-4483-8EF4-D2A21D8C5FB4}
		{FF2C7B77-5D7C-4DCC-94A3-871C7F318DB5} = {DBF0ABC3-32D1-4D2C-ADA6-66BA13B47311}
		{695ECD5A-D7CD-415D-AB23-1125FBFE2281} = {3B3442DE-CFA7-46C8-9E6A-014B5428A941}
		{35469056-E758-49B7-A2D4-80E629BB9E8B} = {3B3442DE-CFA7-46C8-9E6A-014B5428A941}
		{A389CF12-1FBC-494A-A0DA-B25D07F841E2} = {3B3442DE-CFA7-46C8-9E6A-014B5428A941}
		{515C540F-E1F0-4551-A1E3-1BD3E622FF6B} = {AD91607B-09A6-404C-BE7C-19674F9E1996}
		{155FE88D-5959-43D8-B9EC-7258E646DD94} = {515C540F-E1F0-4551-A1E3-1BD3E622FF6B}
		{5CD41588-1CBE-495D-ADD5-47F2C2FABCAE} = {515C540F-E1F0-4551-A1E3-1BD3E622FF6B}
		{477C6D66-997D-4283-BE30-5E4DBCC0940A} = {3C57945E-9984-4B8D-AA19-BD9A4EF4E6DB}
	EndGlobalSection
	GlobalSection(ExtensibilityGlobals) = postSolution
		SolutionGuid = {FF2376BB-5AA0-46DE-886B-0348F2E7B81E}
	EndGlobalSection
EndGlobal
